
Microsoft Visual Studio Solution File, Format Version 12.00
# Visual Studio 15
VisualStudioVersion = 15.0.28010.2003
MinimumVisualStudioVersion = 10.0.40219.1
Project("{FAE04EC0-301F-11D3-BF4B-00C04F79EFBC}") = "CoinMapApiTools.Console", "CoinMapApiTools.Console\CoinMapApiTools.Console.csproj", "{47463686-97AE-44B0-B040-51202CF1DB42}"
EndProject
Global
	GlobalSection(SolutionConfigurationPlatforms) = preSolution
		Debug|Any CPU = Debug|Any CPU
		Release|Any CPU = Release|Any CPU
	EndGlobalSection
	GlobalSection(ProjectConfigurationPlatforms) = postSolution
		{47463686-97AE-44B0-B040-51202CF1DB42}.Debug|Any CPU.ActiveCfg = Debug|Any CPU
		{47463686-97AE-44B0-B040-51202CF1DB42}.Debug|Any CPU.Build.0 = Debug|Any CPU
		{47463686-97AE-44B0-B040-51202CF1DB42}.Release|Any CPU.ActiveCfg = Release|Any CPU
		{47463686-97AE-44B0-B040-51202CF1DB42}.Release|Any CPU.Build.0 = Release|Any CPU
	EndGlobalSection
	GlobalSection(SolutionProperties) = preSolution
		HideSolutionNode = FALSE
	EndGlobalSection
	GlobalSection(ExtensibilityGlobals) = postSolution
		SolutionGuid = {BB4AFAFF-379D-44B4-84C1-83F25F9B4907}
	EndGlobalSection
EndGlobal
